
Microsoft Visual Studio Solution File, Format Version 12.00
# Visual Studio Version 17
VisualStudioVersion = 17.13.35806.99 d17.13
MinimumVisualStudioVersion = 10.0.40219.1
Project("{FAE04EC0-301F-11D3-BF4B-00C04F79EFBC}") = "JWT_Identity_Policy", "JWT_Identity_Policy\JWT_Identity_Policy.csproj", "{EBBBF003-B5E9-4498-BBC0-6BA972ADCEA0}"
EndProject
Global
	GlobalSection(SolutionConfigurationPlatforms) = preSolution
		Debug|Any CPU = Debug|Any CPU
		Release|Any CPU = Release|Any CPU
	EndGlobalSection
	GlobalSection(ProjectConfigurationPlatforms) = postSolution
		{EBBBF003-B5E9-4498-BBC0-6BA972ADCEA0}.Debug|Any CPU.ActiveCfg = Debug|Any CPU
		{EBBBF003-B5E9-4498-BBC0-6BA972ADCEA0}.Debug|Any CPU.Build.0 = Debug|Any CPU
		{EBBBF003-B5E9-4498-BBC0-6BA972ADCEA0}.Release|Any CPU.ActiveCfg = Release|Any CPU
		{EBBBF003-B5E9-4498-BBC0-6BA972ADCEA0}.Release|Any CPU.Build.0 = Release|Any CPU
	EndGlobalSection
	GlobalSection(SolutionProperties) = preSolution
		HideSolutionNode = FALSE
	EndGlobalSection
	GlobalSection(ExtensibilityGlobals) = postSolution
		SolutionGuid = {F542D5ED-FDC1-413B-93E6-06E274A4AEA6}
	EndGlobalSection
EndGlobal
